Microsoft Visual Studio Solution File, Format Version 12.00
# Visual Studio Version 17
VisualStudioVersion = 17.5.2.0
MinimumVisualStudioVersion = 10.0.40219.1
Project("{FAE04EC0-301F-11D3-BF4B-00C04F79EFBC}") = "SpeedEditorWindows", "SpeedEditorWindows\SpeedEditorWindows.csproj", "{2B027CF4-EFFA-C117-3C77-FE2F6F6F7567}"
EndProject
Global
	GlobalSection(SolutionConfigurationPlatforms) = preSolution
		Debug|Any CPU = Debug|Any CPU
		Release|Any CPU = Release|Any CPU
	EndGlobalSection
	GlobalSection(ProjectConfigurationPlatforms) = postSolution
		{2B027CF4-EFFA-C117-3C77-FE2F6F6F7567}.Debug|Any CPU.ActiveCfg = Debug|Any CPU
		{2B027CF4-EFFA-C117-3C77-FE2F6F6F7567}.Debug|Any CPU.Build.0 = Debug|Any CPU
		{2B027CF4-EFFA-C117-3C77-FE2F6F6F7567}.Release|Any CPU.ActiveCfg = Release|Any CPU
		{2B027CF4-EFFA-C117-3C77-FE2F6F6F7567}.Release|Any CPU.Build.0 = Release|Any CPU
	EndGlobalSection
	GlobalSection(SolutionProperties) = preSolution
		HideSolutionNode = FALSE
	EndGlobalSection
	GlobalSection(NestedProjects) = preSolution
		{2B027CF4-EFFA-C117-3C77-FE2F6F6F7567} = {CD3707D7-3E30-53C3-3908-60E4316000B7}
	EndGlobalSection
	GlobalSection(ExtensibilityGlobals) = postSolution
		SolutionGuid = {82231C66-4F26-4962-9165-9FFC8C7994D3}
	EndGlobalSection
EndGlobal
